PODS:
  - Publitio (1.0.0)

DEPENDENCIES:
  - Publitio (from `https://github.com/imranGalaxy/Publitios.git`, tag `1.0.0`)

EXTERNAL SOURCES:
  Publitio:
    :git: https://github.com/imranGalaxy/Publitios.git
    :tag: 1.0.0

CHECKOUT OPTIONS:
  Publitio:
    :git: https://github.com/imranGalaxy/Publitios.git
    :tag: 1.0.0

SPEC CHECKSUMS:
  Publitio: 40c8bf400260c456b5cbb70ff9f02be891caca5f

PODFILE CHECKSUM: 8edbf9b0a46937b91984c8c2f500527c627a9d20

COCOAPODS: 1.5.3
